
Microsoft Visual Studio Solution File, Format Version 12.00
# Visual Studio Version 17
VisualStudioVersion = 17.5.33627.172
MinimumVisualStudioVersion = 10.0.40219.1
Project("{9A19103F-16F7-4668-BE54-9A1E7A4F7556}") = "BLL", "BLL\BLL.csproj", "{50912D30-38C2-49B7-8772-459800C717ED}"
EndProject
Project("{9A19103F-16F7-4668-BE54-9A1E7A4F7556}") = "DAL", "DAL\DAL.csproj", "{72A8901B-5821-4438-8709-537CE9134789}"
EndProject
Project("{9A19103F-16F7-4668-BE54-9A1E7A4F7556}") = "LeChiManhWPF", "LeChiManhWPF\LeChiManhWPF.csproj", "{60D2BEE7-C393-4855-923A-514841DE322C}"
EndProject
Global
	GlobalSection(SolutionConfigurationPlatforms) = preSolution
		Debug|Any CPU = Debug|Any CPU
		Release|Any CPU = Release|Any CPU
	EndGlobalSection
	GlobalSection(ProjectConfigurationPlatforms) = postSolution
		{50912D30-38C2-49B7-8772-459800C717ED}.Debug|Any CPU.ActiveCfg = Debug|Any CPU
		{50912D30-38C2-49B7-8772-459800C717ED}.Debug|Any CPU.Build.0 = Debug|Any CPU
		{50912D30-38C2-49B7-8772-459800C717ED}.Release|Any CPU.ActiveCfg = Release|Any CPU
		{50912D30-38C2-49B7-8772-459800C717ED}.Release|Any CPU.Build.0 = Release|Any CPU
		{72A8901B-5821-4438-8709-537CE9134789}.Debug|Any CPU.ActiveCfg = Debug|Any CPU
		{72A8901B-5821-4438-8709-537CE9134789}.Debug|Any CPU.Build.0 = Debug|Any CPU
		{72A8901B-5821-4438-8709-537CE9134789}.Release|Any CPU.ActiveCfg = Release|Any CPU
		{72A8901B-5821-4438-8709-537CE9134789}.Release|Any CPU.Build.0 = Release|Any CPU
		{60D2BEE7-C393-4855-923A-514841DE322C}.Debug|Any CPU.ActiveCfg = Debug|Any CPU
		{60D2BEE7-C393-4855-923A-514841DE322C}.Debug|Any CPU.Build.0 = Debug|Any CPU
		{60D2BEE7-C393-4855-923A-514841DE322C}.Release|Any CPU.ActiveCfg = Release|Any CPU
		{60D2BEE7-C393-4855-923A-514841DE322C}.Release|Any CPU.Build.0 = Release|Any CPU
	EndGlobalSection
	GlobalSection(SolutionProperties) = preSolution
		HideSolutionNode = FALSE
	EndGlobalSection
	GlobalSection(ExtensibilityGlobals) = postSolution
		SolutionGuid = {C358DBD5-062D-4BFB-BE43-19DD5CA5CF23}
	EndGlobalSection
EndGlobal
